{
  "name": "@nikita-beewise-test/button",
  "version": "0.0.1",
  "lockfileVersion": 1,
  "requires": true,
  "dependencies": {
    "@nikita-beewise-test/icon": {
      "version": "0.0.1",
      "resolved": "https://registry.npmjs.org/@nikita-beewise-test/icon/-/icon-0.0.1.tgz",
      "integrity": "sha512-O64w2iMYdQmGsGFZkJ1dp/MjI938m71UKYDQnncXG21vJNZhbNrbW+i6lbE2XXErIYwe+Qw6mlFHprFJY64iJg=="
    }
  }
}
